
Microsoft Visual Studio Solution File, Format Version 12.00
# Visual Studio Version 17
VisualStudioVersion = 17.1.32421.90
MinimumVisualStudioVersion = 10.0.40219.1
Project("{FAE04EC0-301F-11D3-BF4B-00C04F79EFBC}") = "MBKC.BAL", "MBKC.BAL\MBKC.BAL.csproj", "{A72BD020-5DBD-4041-8FE6-5CDC246F67A3}"
EndProject
Project("{FAE04EC0-301F-11D3-BF4B-00C04F79EFBC}") = "MBKC.DAL", "MBKC.DAL\MBKC.DAL.csproj", "{2DB83B73-4A65-493A-A4F0-ADBF098FECAA}"
EndProject
Project("{FAE04EC0-301F-11D3-BF4B-00C04F79EFBC}") = "MBKC.API", "MBKC.API\MBKC.API.csproj", "{41C2DF3C-54FD-4427-B70E-0135F4F4B8AE}"
EndProject
Project("{FAE04EC0-301F-11D3-BF4B-00C04F79EFBC}") = "MBKC.Testing", "MBKC.Testing\MBKC.Testing.csproj", "{E938FFF8-38E8-402D-B9CC-8DAB6BCFCA4B}"
EndProject
Global
	GlobalSection(SolutionConfigurationPlatforms) = preSolution
		Debug|Any CPU = Debug|Any CPU
		Release|Any CPU = Release|Any CPU
	EndGlobalSection
	GlobalSection(ProjectConfigurationPlatforms) = postSolution
		{A72BD020-5DBD-4041-8FE6-5CDC246F67A3}.Debug|Any CPU.ActiveCfg = Debug|Any CPU
		{A72BD020-5DBD-4041-8FE6-5CDC246F67A3}.Debug|Any CPU.Build.0 = Debug|Any CPU
		{A72BD020-5DBD-4041-8FE6-5CDC246F67A3}.Release|Any CPU.ActiveCfg = Release|Any CPU
		{A72BD020-5DBD-4041-8FE6-5CDC246F67A3}.Release|Any CPU.Build.0 = Release|Any CPU
		{2DB83B73-4A65-493A-A4F0-ADBF098FECAA}.Debug|Any CPU.ActiveCfg = Debug|Any CPU
		{2DB83B73-4A65-493A-A4F0-ADBF098FECAA}.Debug|Any CPU.Build.0 = Debug|Any CPU
		{2DB83B73-4A65-493A-A4F0-ADBF098FECAA}.Release|Any CPU.ActiveCfg = Release|Any CPU
		{2DB83B73-4A65-493A-A4F0-ADBF098FECAA}.Release|Any CPU.Build.0 = Release|Any CPU
		{41C2DF3C-54FD-4427-B70E-0135F4F4B8AE}.Debug|Any CPU.ActiveCfg = Debug|Any CPU
		{41C2DF3C-54FD-4427-B70E-0135F4F4B8AE}.Debug|Any CPU.Build.0 = Debug|Any CPU
		{41C2DF3C-54FD-4427-B70E-0135F4F4B8AE}.Release|Any CPU.ActiveCfg = Release|Any CPU
		{41C2DF3C-54FD-4427-B70E-0135F4F4B8AE}.Release|Any CPU.Build.0 = Release|Any CPU
		{E938FFF8-38E8-402D-B9CC-8DAB6BCFCA4B}.Debug|Any CPU.ActiveCfg = Debug|Any CPU
		{E938FFF8-38E8-402D-B9CC-8DAB6BCFCA4B}.Debug|Any CPU.Build.0 = Debug|Any CPU
		{E938FFF8-38E8-402D-B9CC-8DAB6BCFCA4B}.Release|Any CPU.ActiveCfg = Release|Any CPU
		{E938FFF8-38E8-402D-B9CC-8DAB6BCFCA4B}.Release|Any CPU.Build.0 = Release|Any CPU
	EndGlobalSection
	GlobalSection(SolutionProperties) = preSolution
		HideSolutionNode = FALSE
	EndGlobalSection
	GlobalSection(ExtensibilityGlobals) = postSolution
		SolutionGuid = {C835E5DF-F5C3-465D-9647-67BBAB2EB1D6}
	EndGlobalSection
EndGlobal
